{
  "name": "AV1",
  "version": "1.0.0",
  "lockfileVersion": 1,
  "requires": true,
  "dependencies": {
    "expo-constants": {
      "version": "9.0.0",
      "resolved": "https://registry.npmjs.org/expo-constants/-/expo-constants-9.0.0.tgz",
      "integrity": "sha512-1kqZMM8Ez5JT3sTEx8I69fP6NYFLOJjeM6Z63dD/m2NiwvzSADiO5+BhghnWNGN1L3bxbgOjXS6EHtS7CdSfxA=="
    }
  }
}
